// !$*UTF8*$!
{
	archiveVersion = 1;
	classes = {
	};
	objectVersion = 51;
	objects = {

/* Begin PBXBuildFile section */
		3131873E24D2A98500843AE4 /* HomeViewController.swift in Sources */ = {isa = PBXBuildFile; fileRef = 3131873D24D2A98500843AE4 /* HomeViewController.swift */; };
		3131874E24D2B3E400843AE4 /* Common.swift in Sources */ = {isa = PBXBuildFile; fileRef = 3131874D24D2B3E400843AE4 /* Common.swift */; };
		3131875024D2B3FE00843AE4 /* DataManager.swift in Sources */ = {isa = PBXBuildFile; fileRef = 3131874F24D2B3FE00843AE4 /* DataManager.swift */; };
		3131875424D2B45600843AE4 /* TSInfoModel.swift in Sources */ = {isa = PBXBuildFile; fileRef = 3131875324D2B45600843AE4 /* TSInfoModel.swift */; };
		3131875624D2B46A00843AE4 /* TSUserManager.swift in Sources */ = {isa = PBXBuildFile; fileRef = 3131875524D2B46A00843AE4 /* TSUserManager.swift */; };
		3131875824D2B48100843AE4 /* PageModel.swift in Sources */ = {isa = PBXBuildFile; fileRef = 3131875724D2B48100843AE4 /* PageModel.swift */; };
		3131875E24D2BB3E00843AE4 /* HomeModel.swift in Sources */ = {isa = PBXBuildFile; fileRef = 3131875D24D2BB3E00843AE4 /* HomeModel.swift */; };
		3173236A24E240BF006166D0 /* TSNetworkRequest.swift in Sources */ = {isa = PBXBuildFile; fileRef = 3173236924E240BF006166D0 /* TSNetworkRequest.swift */; };
		31AC7AE624CE79BF004E273C /* AppDelegate.swift in Sources */ = {isa = PBXBuildFile; fileRef = 31AC7AE524CE79BF004E273C /* AppDelegate.swift */; };
		31AC7AE824CE79BF004E273C /* SceneDelegate.swift in Sources */ = {isa = PBXBuildFile; fileRef = 31AC7AE724CE79BF004E273C /* SceneDelegate.swift */; };
		31AC7AED24CE79C0004E273C /* Main.storyboard in Resources */ = {isa = PBXBuildFile; fileRef = 31AC7AEB24CE79C0004E273C /* Main.storyboard */; };
		31AC7AEF24CE7A19004E273C /* Assets.xcassets in Resources */ = {isa = PBXBuildFile; fileRef = 31AC7AEE24CE7A19004E273C /* Assets.xcassets */; };
		31AC7AF224CE7A19004E273C /* LaunchScreen.storyboard in Resources */ = {isa = PBXBuildFile; fileRef = 31AC7AF024CE7A19004E273C /* LaunchScreen.storyboard */; };
		31AC7AFD24CE7A23004E273C /* LearnSwiftTests.swift in Sources */ = {isa = PBXBuildFile; fileRef = 31AC7AFC24CE7A23004E273C /* LearnSwiftTests.swift */; };
		31AC7B0824CE7A23004E273C /* LearnSwiftUITests.swift in Sources */ = {isa = PBXBuildFile; fileRef = 31AC7B0724CE7A23004E273C /* LearnSwiftUITests.swift */; };
		31B90F4524E4E90500ABB871 /* BaseNavViewController.swift in Sources */ = {isa = PBXBuildFile; fileRef = 31B90F4224E4E90500ABB871 /* BaseNavViewController.swift */; };
		31B90F4624E4E90500ABB871 /* BaseViewController.swift in Sources */ = {isa = PBXBuildFile; fileRef = 31B90F4324E4E90500ABB871 /* BaseViewController.swift */; };
		31B90F4724E4E90500ABB871 /* MainTabbarViewController.swift in Sources */ = {isa = PBXBuildFile; fileRef = 31B90F4424E4E90500ABB871 /* MainTabbarViewController.swift */; };
		31B90F5524E4EA9E00ABB871 /* MineViewController.swift in Sources */ = {isa = PBXBuildFile; fileRef = 31B90F5424E4EA9E00ABB871 /* MineViewController.swift */; };
		31B90F5724E4EABF00ABB871 /* CommunityViewController.swift in Sources */ = {isa = PBXBuildFile; fileRef = 31B90F5624E4EABF00ABB871 /* CommunityViewController.swift */; };
		31B90F5924E4EAD500ABB871 /* NewsViewController.swift in Sources */ = {isa = PBXBuildFile; fileRef = 31B90F5824E4EAD500ABB871 /* NewsViewController.swift */; };
		70E09C1101248EADD5DF0B12 /* Pods_LearnSwift.framework in Frameworks */ = {isa = PBXBuildFile; fileRef = 5A3B1FC742072C087532C641 /* Pods_LearnSwift.framework */; };
		A648610397532307A3AE1534 /* Pods_LearnSwiftTests.framework in Frameworks */ = {isa = PBXBuildFile; fileRef = A7322EDC05D3408AF7BB312B /* Pods_LearnSwiftTests.framework */; };
		B27C84074F82B155EBC75108 /* Pods_LearnSwiftUITests.framework in Frameworks */ = {isa = PBXBuildFile; fileRef = CE998CBE7FE2DA84B829BF6D /* Pods_LearnSwiftUITests.framework */; };
/* End PBXBuildFile section */

/* Begin PBXContainerItemProxy section */
		31AC7AF924CE7A23004E273C /* PBXContainerItemProxy */ = {
			isa = PBXContainerItemProxy;
			containerPortal = 31AC7ADA24CE79BE004E273C /* Project object */;
			proxyType = 1;
			remoteGlobalIDString = 31AC7AE124CE79BF004E273C;
			remoteInfo = LearnSwift;
		};
		31AC7B0424CE7A23004E273C /* PBXContainerItemProxy */ = {
			isa = PBXContainerItemProxy;
			containerPortal = 31AC7ADA24CE79BE004E273C /* Project object */;
			proxyType = 1;
			remoteGlobalIDString = 31AC7AE124CE79BF004E273C;
			remoteInfo = LearnSwift;
		};
/* End PBXContainerItemProxy section */

/* Begin PBXFileReference section */
		3131873D24D2A98500843AE4 /* HomeViewController.swift */ = {isa = PBXFileReference; lastKnownFileType = sourcecode.swift; path = HomeViewController.swift; sourceTree = "<group>"; };
		3131874B24D2AE7D00843AE4 /* Home-Bridging-Header.h */ = {isa = PBXFileReference; lastKnownFileType = sourcecode.c.h; path = "Home-Bridging-Header.h"; sourceTree = "<group>"; };
		3131874D24D2B3E400843AE4 /* Common.swift */ = {isa = PBXFileReference; lastKnownFileType = sourcecode.swift; path = Common.swift; sourceTree = "<group>"; };
		3131874F24D2B3FE00843AE4 /* DataManager.swift */ = {isa = PBXFileReference; lastKnownFileType = sourcecode.swift; path = DataManager.swift; sourceTree = "<group>"; };
		3131875324D2B45600843AE4 /* TSInfoModel.swift */ = {isa = PBXFileReference; lastKnownFileType = sourcecode.swift; path = TSInfoModel.swift; sourceTree = "<group>"; };
		3131875524D2B46A00843AE4 /* TSUserManager.swift */ = {isa = PBXFileReference; lastKnownFileType = sourcecode.swift; path = TSUserManager.swift; sourceTree = "<group>"; };
		3131875724D2B48100843AE4 /* PageModel.swift */ = {isa = PBXFileReference; lastKnownFileType = sourcecode.swift; path = PageModel.swift; sourceTree = "<group>"; };
		3131875D24D2BB3E00843AE4 /* HomeModel.swift */ = {isa = PBXFileReference; lastKnownFileType = sourcecode.swift; path = HomeModel.swift; sourceTree = "<group>"; };
		3173236924E240BF006166D0 /* TSNetworkRequest.swift */ = {isa = PBXFileReference; fileEncoding = 4; lastKnownFileType = sourcecode.swift; path = TSNetworkRequest.swift; sourceTree = "<group>"; };
		31AC7AE224CE79BF004E273C /* LearnSwift.app */ = {isa = PBXFileReference; explicitFileType = wrapper.application; includeInIndex = 0; path = LearnSwift.app; sourceTree = BUILT_PRODUCTS_DIR; };
		31AC7AE524CE79BF004E273C /* AppDelegate.swift */ = {isa = PBXFileReference; lastKnownFileType = sourcecode.swift; path = AppDelegate.swift; sourceTree = "<group>"; };
		31AC7AE724CE79BF004E273C /* SceneDelegate.swift */ = {isa = PBXFileReference; lastKnownFileType = sourcecode.swift; path = SceneDelegate.swift; sourceTree = "<group>"; };
		31AC7AEC24CE79C0004E273C /* Base */ = {isa = PBXFileReference; lastKnownFileType = file.storyboard; name = Base; path = Base.lproj/Main.storyboard; sourceTree = "<group>"; };
		31AC7AEE24CE7A19004E273C /* Assets.xcassets */ = {isa = PBXFileReference; lastKnownFileType = folder.assetcatalog; path = Assets.xcassets; sourceTree = "<group>"; };
		31AC7AF124CE7A19004E273C /* Base */ = {isa = PBXFileReference; lastKnownFileType = file.storyboard; name = Base; path = Base.lproj/LaunchScreen.storyboard; sourceTree = "<group>"; };
		31AC7AF324CE7A19004E273C /* Info.plist */ = {isa = PBXFileReference; lastKnownFileType = text.plist.xml; path = Info.plist; sourceTree = "<group>"; };
		31AC7AF824CE7A23004E273C /* LearnSwiftTests.xctest */ = {isa = PBXFileReference; explicitFileType = wrapper.cfbundle; includeInIndex = 0; path = LearnSwiftTests.xctest; sourceTree = BUILT_PRODUCTS_DIR; };
		31AC7AFC24CE7A23004E273C /* LearnSwiftTests.swift */ = {isa = PBXFileReference; lastKnownFileType = sourcecode.swift; path = LearnSwiftTests.swift; sourceTree = "<group>"; };
		31AC7AFE24CE7A23004E273C /* Info.plist */ = {isa = PBXFileReference; lastKnownFileType = text.plist.xml; path = Info.plist; sourceTree = "<group>"; };
		31AC7B0324CE7A23004E273C /* LearnSwiftUITests.xctest */ = {isa = PBXFileReference; explicitFileType = wrapper.cfbundle; includeInIndex = 0; path = LearnSwiftUITests.xctest; sourceTree = BUILT_PRODUCTS_DIR; };
		31AC7B0724CE7A23004E273C /* LearnSwiftUITests.swift */ = {isa = PBXFileReference; lastKnownFileType = sourcecode.swift; path = LearnSwiftUITests.swift; sourceTree = "<group>"; };
		31AC7B0924CE7A23004E273C /* Info.plist */ = {isa = PBXFileReference; lastKnownFileType = text.plist.xml; path = Info.plist; sourceTree = "<group>"; };
		31B90F4224E4E90500ABB871 /* BaseNavViewController.swift */ = {isa = PBXFileReference; fileEncoding = 4; lastKnownFileType = sourcecode.swift; name = BaseNavViewController.swift; path = Login/BaseNavViewController.swift; sourceTree = "<group>"; };
		31B90F4324E4E90500ABB871 /* BaseViewController.swift */ = {isa = PBXFileReference; fileEncoding = 4; lastKnownFileType = sourcecode.swift; name = BaseViewController.swift; path = Login/BaseViewController.swift; sourceTree = "<group>"; };
		31B90F4424E4E90500ABB871 /* MainTabbarViewController.swift */ = {isa = PBXFileReference; fileEncoding = 4; lastKnownFileType = sourcecode.swift; name = MainTabbarViewController.swift; path = Login/MainTabbarViewController.swift; sourceTree = "<group>"; };
		31B90F5424E4EA9E00ABB871 /* MineViewController.swift */ = {isa = PBXFileReference; lastKnownFileType = sourcecode.swift; path = MineViewController.swift; sourceTree = "<group>"; };
		31B90F5624E4EABF00ABB871 /* CommunityViewController.swift */ = {isa = PBXFileReference; lastKnownFileType = sourcecode.swift; path = CommunityViewController.swift; sourceTree = "<group>"; };
		31B90F5824E4EAD500ABB871 /* NewsViewController.swift */ = {isa = PBXFileReference; lastKnownFileType = sourcecode.swift; path = NewsViewController.swift; sourceTree = "<group>"; };
		3DAE8C2D3D90B109FA7A6B9A /* Pods-LearnSwift.release.xcconfig */ = {isa = PBXFileReference; includeInIndex = 1; lastKnownFileType = text.xcconfig; name = "Pods-LearnSwift.release.xcconfig"; path = "Target Support Files/Pods-LearnSwift/Pods-LearnSwift.release.xcconfig"; sourceTree = "<group>"; };
		5A3B1FC742072C087532C641 /* Pods_LearnSwift.framework */ = {isa = PBXFileReference; explicitFileType = wrapper.framework; includeInIndex = 0; path = Pods_LearnSwift.framework; sourceTree = BUILT_PRODUCTS_DIR; };
		695FACFC912AEE732E213F1B /* Pods-LearnSwiftUITests.debug.xcconfig */ = {isa = PBXFileReference; includeInIndex = 1; lastKnownFileType = text.xcconfig; name = "Pods-LearnSwiftUITests.debug.xcconfig"; path = "Target Support Files/Pods-LearnSwiftUITests/Pods-LearnSwiftUITests.debug.xcconfig"; sourceTree = "<group>"; };
		7476881C793BAC20C7B292EA /* Pods-LearnSwiftTests.debug.xcconfig */ = {isa = PBXFileReference; includeInIndex = 1; lastKnownFileType = text.xcconfig; name = "Pods-LearnSwiftTests.debug.xcconfig"; path = "Target Support Files/Pods-LearnSwiftTests/Pods-LearnSwiftTests.debug.xcconfig"; sourceTree = "<group>"; };
		8175D0D5CF462EA1149259D3 /* Pods-LearnSwiftUITests.release.xcconfig */ = {isa = PBXFileReference; includeInIndex = 1; lastKnownFileType = text.xcconfig; name = "Pods-LearnSwiftUITests.release.xcconfig"; path = "Target Support Files/Pods-LearnSwiftUITests/Pods-LearnSwiftUITests.release.xcconfig"; sourceTree = "<group>"; };
		A7322EDC05D3408AF7BB312B /* Pods_LearnSwiftTests.framework */ = {isa = PBXFileReference; explicitFileType = wrapper.framework; includeInIndex = 0; path = Pods_LearnSwiftTests.framework; sourceTree = BUILT_PRODUCTS_DIR; };
		CE998CBE7FE2DA84B829BF6D /* Pods_LearnSwiftUITests.framework */ = {isa = PBXFileReference; explicitFileType = wrapper.framework; includeInIndex = 0; path = Pods_LearnSwiftUITests.framework; sourceTree = BUILT_PRODUCTS_DIR; };
		E5D18E4940A6BB0258F97A3A /* Pods-LearnSwift.debug.xcconfig */ = {isa = PBXFileReference; includeInIndex = 1; lastKnownFileType = text.xcconfig; name = "Pods-LearnSwift.debug.xcconfig"; path = "Target Support Files/Pods-LearnSwift/Pods-LearnSwift.debug.xcconfig"; sourceTree = "<group>"; };
		E7C1BA76E365CB7BE650F09D /* Pods-LearnSwiftTests.release.xcconfig */ = {isa = PBXFileReference; includeInIndex = 1; lastKnownFileType = text.xcconfig; name = "Pods-LearnSwiftTests.release.xcconfig"; path = "Target Support Files/Pods-LearnSwiftTests/Pods-LearnSwiftTests.release.xcconfig"; sourceTree = "<group>"; };
/* End PBXFileReference section */

/* Begin PBXFrameworksBuildPhase section */
		31AC7ADF24CE79BF004E273C /* Frameworks */ = {
			isa = PBXFrameworksBuildPhase;
			buildActionMask = 2147483647;
			files = (
				70E09C1101248EADD5DF0B12 /* Pods_LearnSwift.framework in Frameworks */,
			);
			runOnlyForDeploymentPostprocessing = 0;
		};
		31AC7AF524CE7A23004E273C /* Frameworks */ = {
			isa = PBXFrameworksBuildPhase;
			buildActionMask = 2147483647;
			files = (
				A648610397532307A3AE1534 /* Pods_LearnSwiftTests.framework in Frameworks */,
			);
			runOnlyForDeploymentPostprocessing = 0;
		};
		31AC7B0024CE7A23004E273C /* Frameworks */ = {
			isa = PBXFrameworksBuildPhase;
			buildActionMask = 2147483647;
			files = (
				B27C84074F82B155EBC75108 /* Pods_LearnSwiftUITests.framework in Frameworks */,
			);
			runOnlyForDeploymentPostprocessing = 0;
		};
/* End PBXFrameworksBuildPhase section */

/* Begin PBXGroup section */
		1BE3A9A609B27B82F3D2743C /* Pods */ = {
			isa = PBXGroup;
			children = (
				E5D18E4940A6BB0258F97A3A /* Pods-LearnSwift.debug.xcconfig */,
				3DAE8C2D3D90B109FA7A6B9A /* Pods-LearnSwift.release.xcconfig */,
				7476881C793BAC20C7B292EA /* Pods-LearnSwiftTests.debug.xcconfig */,
				E7C1BA76E365CB7BE650F09D /* Pods-LearnSwiftTests.release.xcconfig */,
				695FACFC912AEE732E213F1B /* Pods-LearnSwiftUITests.debug.xcconfig */,
				8175D0D5CF462EA1149259D3 /* Pods-LearnSwiftUITests.release.xcconfig */,
			);
			path = Pods;
			sourceTree = "<group>";
		};
		3131872D24D2A97300843AE4 /* Home */ = {
			isa = PBXGroup;
			children = (
				3131872E24D2A97300843AE4 /* Controller */,
				3131872F24D2A97300843AE4 /* Model */,
				3131873024D2A97300843AE4 /* View */,
			);
			path = Home;
			sourceTree = "<group>";
		};
		3131872E24D2A97300843AE4 /* Controller */ = {
			isa = PBXGroup;
			children = (
				3131873D24D2A98500843AE4 /* HomeViewController.swift */,
			);
			path = Controller;
			sourceTree = "<group>";
		};
		3131872F24D2A97300843AE4 /* Model */ = {
			isa = PBXGroup;
			children = (
				3131875D24D2BB3E00843AE4 /* HomeModel.swift */,
			);
			path = Model;
			sourceTree = "<group>";
		};
		3131873024D2A97300843AE4 /* View */ = {
			isa = PBXGroup;
			children = (
			);
			path = View;
			sourceTree = "<group>";
		};
		3131873924D2A97300843AE4 /* Login */ = {
			isa = PBXGroup;
			children = (
			);
			path = Login;
			sourceTree = "<group>";
		};
		3131874C24D2B3C000843AE4 /* Extension */ = {
			isa = PBXGroup;
			children = (
				3173236924E240BF006166D0 /* TSNetworkRequest.swift */,
				3131874D24D2B3E400843AE4 /* Common.swift */,
				3131874F24D2B3FE00843AE4 /* DataManager.swift */,
				3131875324D2B45600843AE4 /* TSInfoModel.swift */,
				3131875524D2B46A00843AE4 /* TSUserManager.swift */,
				3131875724D2B48100843AE4 /* PageModel.swift */,
			);
			path = Extension;
			sourceTree = "<group>";
		};
		3131876124D2D46700843AE4 /* libraries */ = {
			isa = PBXGroup;
			children = (
			);
			path = libraries;
			sourceTree = "<group>";
		};
		31AC7AD924CE79BE004E273C = {
			isa = PBXGroup;
			children = (
				31AC7AE424CE79BF004E273C /* LearnSwift */,
				31AC7AFB24CE7A23004E273C /* LearnSwiftTests */,
				31AC7B0624CE7A23004E273C /* LearnSwiftUITests */,
				31AC7AE324CE79BF004E273C /* Products */,
				1BE3A9A609B27B82F3D2743C /* Pods */,
				65E4108501DC6C3FB1D320CA /* Frameworks */,
			);
			sourceTree = "<group>";
		};
		31AC7AE324CE79BF004E273C /* Products */ = {
			isa = PBXGroup;
			children = (
				31AC7AE224CE79BF004E273C /* LearnSwift.app */,
				31AC7AF824CE7A23004E273C /* LearnSwiftTests.xctest */,
				31AC7B0324CE7A23004E273C /* LearnSwiftUITests.xctest */,
			);
			name = Products;
			sourceTree = "<group>";
		};
		31AC7AE424CE79BF004E273C /* LearnSwift */ = {
			isa = PBXGroup;
			children = (
				31AC7AE524CE79BF004E273C /* AppDelegate.swift */,
				31B90F4424E4E90500ABB871 /* MainTabbarViewController.swift */,
				31B90F4224E4E90500ABB871 /* BaseNavViewController.swift */,
				31B90F4324E4E90500ABB871 /* BaseViewController.swift */,
				31B90F5024E4EA6000ABB871 /* Mine */,
				31B90F4C24E4EA1300ABB871 /* Comminity */,
				31B90F4824E4E97E00ABB871 /* News */,
				3131876124D2D46700843AE4 /* libraries */,
				3131874C24D2B3C000843AE4 /* Extension */,
				3131872D24D2A97300843AE4 /* Home */,
				3131873924D2A97300843AE4 /* Login */,
				31AC7AE724CE79BF004E273C /* SceneDelegate.swift */,
				31AC7AEB24CE79C0004E273C /* Main.storyboard */,
				31AC7AEE24CE7A19004E273C /* Assets.xcassets */,
				31AC7AF024CE7A19004E273C /* LaunchScreen.storyboard */,
				31AC7AF324CE7A19004E273C /* Info.plist */,
				3131874B24D2AE7D00843AE4 /* Home-Bridging-Header.h */,
			);
			path = LearnSwift;
			sourceTree = "<group>";
		};
		31AC7AFB24CE7A23004E273C /* LearnSwiftTests */ = {
			isa = PBXGroup;
			children = (
				31AC7AFC24CE7A23004E273C /* LearnSwiftTests.swift */,
				31AC7AFE24CE7A23004E273C /* Info.plist */,
			);
			path = LearnSwiftTests;
			sourceTree = "<group>";
		};
		31AC7B0624CE7A23004E273C /* LearnSwiftUITests */ = {
			isa = PBXGroup;
			children = (
				31AC7B0724CE7A23004E273C /* LearnSwiftUITests.swift */,
				31AC7B0924CE7A23004E273C /* Info.plist */,
			);
			path = LearnSwiftUITests;
			sourceTree = "<group>";
		};
		31B90F4824E4E97E00ABB871 /* News */ = {
			isa = PBXGroup;
			children = (
				31B90F4924E4E97E00ABB871 /* Model */,
				31B90F4A24E4E97E00ABB871 /* View */,
				31B90F4B24E4E97E00ABB871 /* Conrtroller */,
			);
			path = News;
			sourceTree = "<group>";
		};
		31B90F4924E4E97E00ABB871 /* Model */ = {
			isa = PBXGroup;
			children = (
			);
			path = Model;
			sourceTree = "<group>";
		};
		31B90F4A24E4E97E00ABB871 /* View */ = {
			isa = PBXGroup;
			children = (
			);
			path = View;
			sourceTree = "<group>";
		};
		31B90F4B24E4E97E00ABB871 /* Conrtroller */ = {
			isa = PBXGroup;
			children = (
				31B90F5824E4EAD500ABB871 /* NewsViewController.swift */,
			);
			path = Conrtroller;
			sourceTree = "<group>";
		};
		31B90F4C24E4EA1300ABB871 /* Comminity */ = {
			isa = PBXGroup;
			children = (
				31B90F4D24E4EA1300ABB871 /* Controller */,
				31B90F4E24E4EA1300ABB871 /* Model */,
				31B90F4F24E4EA1300ABB871 /* View */,
			);
			path = Comminity;
			sourceTree = "<group>";
		};
		31B90F4D24E4EA1300ABB871 /* Controller */ = {
			isa = PBXGroup;
			children = (
				31B90F5624E4EABF00ABB871 /* CommunityViewController.swift */,
			);
			path = Controller;
			sourceTree = "<group>";
		};
		31B90F4E24E4EA1300ABB871 /* Model */ = {
			isa = PBXGroup;
			children = (
			);
			path = Model;
			sourceTree = "<group>";
		};
		31B90F4F24E4EA1300ABB871 /* View */ = {
			isa = PBXGroup;
			children = (
			);
			path = View;
			sourceTree = "<group>";
		};
		31B90F5024E4EA6000ABB871 /* Mine */ = {
			isa = PBXGroup;
			children = (
				31B90F5124E4EA6000ABB871 /* Controller */,
				31B90F5224E4EA6000ABB871 /* Model */,
				31B90F5324E4EA6000ABB871 /* View */,
			);
			path = Mine;
			sourceTree = "<group>";
		};
		31B90F5124E4EA6000ABB871 /* Controller */ = {
			isa = PBXGroup;
			children = (
				31B90F5424E4EA9E00ABB871 /* MineViewController.swift */,
			);
			path = Controller;
			sourceTree = "<group>";
		};
		31B90F5224E4EA6000ABB871 /* Model */ = {
			isa = PBXGroup;
			children = (
			);
			path = Model;
			sourceTree = "<group>";
		};
		31B90F5324E4EA6000ABB871 /* View */ = {
			isa = PBXGroup;
			children = (
			);
			path = View;
			sourceTree = "<group>";
		};
		65E4108501DC6C3FB1D320CA /* Frameworks */ = {
			isa = PBXGroup;
			children = (
				5A3B1FC742072C087532C641 /* Pods_LearnSwift.framework */,
				A7322EDC05D3408AF7BB312B /* Pods_LearnSwiftTests.framework */,
				CE998CBE7FE2DA84B829BF6D /* Pods_LearnSwiftUITests.framework */,
			);
			name = Frameworks;
			sourceTree = "<group>";
		};
/* End PBXGroup section */

/* Begin PBXNativeTarget section */
		31AC7AE124CE79BF004E273C /* LearnSwift */ = {
			isa = PBXNativeTarget;
			buildConfigurationList = 31AC7B0C24CE7A23004E273C /* Build configuration list for PBXNativeTarget "LearnSwift" */;
			buildPhases = (
				9B0A4BB7AE50644B3891B3B8 /* [CP] Check Pods Manifest.lock */,
				31AC7ADE24CE79BF004E273C /* Sources */,
				31AC7ADF24CE79BF004E273C /* Frameworks */,
				31AC7AE024CE79BF004E273C /* Resources */,
				B4FD612D8A335C1BCF13CEF4 /* [CP] Embed Pods Frameworks */,
			);
			buildRules = (
			);
			dependencies = (
			);
			name = LearnSwift;
			productName = LearnSwift;
			productReference = 31AC7AE224CE79BF004E273C /* LearnSwift.app */;
			productType = "com.apple.product-type.application";
		};
		31AC7AF724CE7A23004E273C /* LearnSwiftTests */ = {
			isa = PBXNativeTarget;
			buildConfigurationList = 31AC7B0F24CE7A23004E273C /* Build configuration list for PBXNativeTarget "LearnSwiftTests" */;
			buildPhases = (
				3D58F8F757DA128690CE51B2 /* [CP] Check Pods Manifest.lock */,
				31AC7AF424CE7A23004E273C /* Sources */,
				31AC7AF524CE7A23004E273C /* Frameworks */,
				31AC7AF624CE7A23004E273C /* Resources */,
			);
			buildRules = (
			);
			dependencies = (
				31AC7AFA24CE7A23004E273C /* PBXTargetDependency */,
			);
			name = LearnSwiftTests;
			productName = LearnSwiftTests;
			productReference = 31AC7AF824CE7A23004E273C /* LearnSwiftTests.xctest */;
			productType = "com.apple.product-type.bundle.unit-test";
		};
		31AC7B0224CE7A23004E273C /* LearnSwiftUITests */ = {
			isa = PBXNativeTarget;
			buildConfigurationList = 31AC7B1224CE7A23004E273C /* Build configuration list for PBXNativeTarget "LearnSwiftUITests" */;
			buildPhases = (
				FDAD9D19F9EC87F64D5E7238 /* [CP] Check Pods Manifest.lock */,
				31AC7AFF24CE7A23004E273C /* Sources */,
				31AC7B0024CE7A23004E273C /* Frameworks */,
				31AC7B0124CE7A23004E273C /* Resources */,
			);
			buildRules = (
			);
			dependencies = (
				31AC7B0524CE7A23004E273C /* PBXTargetDependency */,
			);
			name = LearnSwiftUITests;
			productName = LearnSwiftUITests;
			productReference = 31AC7B0324CE7A23004E273C /* LearnSwiftUITests.xctest */;
			productType = "com.apple.product-type.bundle.ui-testing";
		};
/* End PBXNativeTarget section */

/* Begin PBXProject section */
		31AC7ADA24CE79BE004E273C /* Project object */ = {
			isa = PBXProject;
			attributes = {
				LastSwiftUpdateCheck = 1160;
				LastUpgradeCheck = 1160;
				ORGANIZATIONNAME = jiuhuikeji;
				TargetAttributes = {
					31AC7AE124CE79BF004E273C = {
						CreatedOnToolsVersion = 11.6;
					};
					31AC7AF724CE7A23004E273C = {
						CreatedOnToolsVersion = 11.6;
						TestTargetID = 31AC7AE124CE79BF004E273C;
					};
					31AC7B0224CE7A23004E273C = {
						CreatedOnToolsVersion = 11.6;
						TestTargetID = 31AC7AE124CE79BF004E273C;
					};
				};
			};
			buildConfigurationList = 31AC7ADD24CE79BE004E273C /* Build configuration list for PBXProject "LearnSwift" */;
			compatibilityVersion = "Xcode 9.3";
			developmentRegion = en;
			hasScannedForEncodings = 0;
			knownRegions = (
				en,
				Base,
			);
			mainGroup = 31AC7AD924CE79BE004E273C;
			productRefGroup = 31AC7AE324CE79BF004E273C /* Products */;
			projectDirPath = "";
			projectRoot = "";
			targets = (
				31AC7AE124CE79BF004E273C /* LearnSwift */,
				31AC7AF724CE7A23004E273C /* LearnSwiftTests */,
				31AC7B0224CE7A23004E273C /* LearnSwiftUITests */,
			);
		};
/* End PBXProject section */

/* Begin PBXResourcesBuildPhase section */
		31AC7AE024CE79BF004E273C /* Resources */ = {
			isa = PBXResourcesBuildPhase;
			buildActionMask = 2147483647;
			files = (
				31AC7AF224CE7A19004E273C /* LaunchScreen.storyboard in Resources */,
				31AC7AEF24CE7A19004E273C /* Assets.xcassets in Resources */,
				31AC7AED24CE79C0004E273C /* Main.storyboard in Resources */,
			);
			runOnlyForDeploymentPostprocessing = 0;
		};
		31AC7AF624CE7A23004E273C /* Resources */ = {
			isa = PBXResourcesBuildPhase;
			buildActionMask = 2147483647;
			files = (
			);
			runOnlyForDeploymentPostprocessing = 0;
		};
		31AC7B0124CE7A23004E273C /* Resources */ = {
			isa = PBXResourcesBuildPhase;
			buildActionMask = 2147483647;
			files = (
			);
			runOnlyForDeploymentPostprocessing = 0;
		};
/* End PBXResourcesBuildPhase section */

/* Begin PBXShellScriptBuildPhase section */
		3D58F8F757DA128690CE51B2 /* [CP] Check Pods Manifest.lock */ = {
			isa = PBXShellScriptBuildPhase;
			buildActionMask = 2147483647;
			files = (
			);
			inputFileListPaths = (
			);
			inputPaths = (
				"${PODS_PODFILE_DIR_PATH}/Podfile.lock",
				"${PODS_ROOT}/Manifest.lock",
			);
			name = "[CP] Check Pods Manifest.lock";
			outputFileListPaths = (
			);
			outputPaths = (
				"$(DERIVED_FILE_DIR)/Pods-LearnSwiftTests-checkManifestLockResult.txt",
			);
			runOnlyForDeploymentPostprocessing = 0;
			shellPath = /bin/sh;
			shellScript = "diff \"${PODS_PODFILE_DIR_PATH}/Podfile.lock\" \"${PODS_ROOT}/Manifest.lock\" > /dev/null\nif [ $? != 0 ] ; then\n    # print error to STDERR\n    echo \"error: The sandbox is not in sync with the Podfile.lock. Run 'pod install' or update your CocoaPods installation.\" >&2\n    exit 1\nfi\n# This output is used by Xcode 'outputs' to avoid re-running this script phase.\necho \"SUCCESS\" > \"${SCRIPT_OUTPUT_FILE_0}\"\n";
			showEnvVarsInLog = 0;
		};
		9B0A4BB7AE50644B3891B3B8 /* [CP] Check Pods Manifest.lock */ = {
			isa = PBXShellScriptBuildPhase;
			buildActionMask = 2147483647;
			files = (
			);
			inputFileListPaths = (
			);
			inputPaths = (
				"${PODS_PODFILE_DIR_PATH}/Podfile.lock",
				"${PODS_ROOT}/Manifest.lock",
			);
			name = "[CP] Check Pods Manifest.lock";
			outputFileListPaths = (
			);
			outputPaths = (
				"$(DERIVED_FILE_DIR)/Pods-LearnSwift-checkManifestLockResult.txt",
			);
			runOnlyForDeploymentPostprocessing = 0;
			shellPath = /bin/sh;
			shellScript = "diff \"${PODS_PODFILE_DIR_PATH}/Podfile.lock\" \"${PODS_ROOT}/Manifest.lock\" > /dev/null\nif [ $? != 0 ] ; then\n    # print error to STDERR\n    echo \"error: The sandbox is not in sync with the Podfile.lock. Run 'pod install' or update your CocoaPods installation.\" >&2\n    exit 1\nfi\n# This output is used by Xcode 'outputs' to avoid re-running this script phase.\necho \"SUCCESS\" > \"${SCRIPT_OUTPUT_FILE_0}\"\n";
			showEnvVarsInLog = 0;
		};
		B4FD612D8A335C1BCF13CEF4 /* [CP] Embed Pods Frameworks */ = {
			isa = PBXShellScriptBuildPhase;
			buildActionMask = 2147483647;
			files = (
			);
			inputFileListPaths = (
				"${PODS_ROOT}/Target Support Files/Pods-LearnSwift/Pods-LearnSwift-frameworks-${CONFIGURATION}-input-files.xcfilelist",
			);
			name = "[CP] Embed Pods Frameworks";
			outputFileListPaths = (
				"${PODS_ROOT}/Target Support Files/Pods-LearnSwift/Pods-LearnSwift-frameworks-${CONFIGURATION}-output-files.xcfilelist",
			);
			runOnlyForDeploymentPostprocessing = 0;
			shellPath = /bin/sh;
			shellScript = "\"${PODS_ROOT}/Target Support Files/Pods-LearnSwift/Pods-LearnSwift-frameworks.sh\"\n";
			showEnvVarsInLog = 0;
		};
		FDAD9D19F9EC87F64D5E7238 /* [CP] Check Pods Manifest.lock */ = {
			isa = PBXShellScriptBuildPhase;
			buildActionMask = 2147483647;
			files = (
			);
			inputFileListPaths = (
			);
			inputPaths = (
				"${PODS_PODFILE_DIR_PATH}/Podfile.lock",
				"${PODS_ROOT}/Manifest.lock",
			);
			name = "[CP] Check Pods Manifest.lock";
			outputFileListPaths = (
			);
			outputPaths = (
				"$(DERIVED_FILE_DIR)/Pods-LearnSwiftUITests-checkManifestLockResult.txt",
			);
			runOnlyForDeploymentPostprocessing = 0;
			shellPath = /bin/sh;
			shellScript = "diff \"${PODS_PODFILE_DIR_PATH}/Podfile.lock\" \"${PODS_ROOT}/Manifest.lock\" > /dev/null\nif [ $? != 0 ] ; then\n    # print error to STDERR\n    echo \"error: The sandbox is not in sync with the Podfile.lock. Run 'pod install' or update your CocoaPods installation.\" >&2\n    exit 1\nfi\n# This output is used by Xcode 'outputs' to avoid re-running this script phase.\necho \"SUCCESS\" > \"${SCRIPT_OUTPUT_FILE_0}\"\n";
			showEnvVarsInLog = 0;
		};
/* End PBXShellScriptBuildPhase section */

/* Begin PBXSourcesBuildPhase section */
		31AC7ADE24CE79BF004E273C /* Sources */ = {
			isa = PBXSourcesBuildPhase;
			buildActionMask = 2147483647;
			files = (
				31B90F4624E4E90500ABB871 /* BaseViewController.swift in Sources */,
				3131875424D2B45600843AE4 /* TSInfoModel.swift in Sources */,
				31B90F4724E4E90500ABB871 /* MainTabbarViewController.swift in Sources */,
				31B90F5524E4EA9E00ABB871 /* MineViewController.swift in Sources */,
				3131874E24D2B3E400843AE4 /* Common.swift in Sources */,
				3131875824D2B48100843AE4 /* PageModel.swift in Sources */,
				3173236A24E240BF006166D0 /* TSNetworkRequest.swift in Sources */,
				31B90F4524E4E90500ABB871 /* BaseNavViewController.swift in Sources */,
				31B90F5724E4EABF00ABB871 /* CommunityViewController.swift in Sources */,
				3131875024D2B3FE00843AE4 /* DataManager.swift in Sources */,
				31AC7AE624CE79BF004E273C /* AppDelegate.swift in Sources */,
				31AC7AE824CE79BF004E273C /* SceneDelegate.swift in Sources */,
				3131875E24D2BB3E00843AE4 /* HomeModel.swift in Sources */,
				3131875624D2B46A00843AE4 /* TSUserManager.swift in Sources */,
				3131873E24D2A98500843AE4 /* HomeViewController.swift in Sources */,
				31B90F5924E4EAD500ABB871 /* NewsViewController.swift in Sources */,
			);
			runOnlyForDeploymentPostprocessing = 0;
		};
		31AC7AF424CE7A23004E273C /* Sources */ = {
			isa = PBXSourcesBuildPhase;
			buildActionMask = 2147483647;
			files = (
				31AC7AFD24CE7A23004E273C /* LearnSwiftTests.swift in Sources */,
			);
			runOnlyForDeploymentPostprocessing = 0;
		};
		31AC7AFF24CE7A23004E273C /* Sources */ = {
			isa = PBXSourcesBuildPhase;
			buildActionMask = 2147483647;
			files = (
				31AC7B0824CE7A23004E273C /* LearnSwiftUITests.swift in Sources */,
			);
			runOnlyForDeploymentPostprocessing = 0;
		};
/* End PBXSourcesBuildPhase section */

/* Begin PBXTargetDependency section */
		31AC7AFA24CE7A23004E273C /* PBXTargetDependency */ = {
			isa = PBXTargetDependency;
			target = 31AC7AE124CE79BF004E273C /* LearnSwift */;
			targetProxy = 31AC7AF924CE7A23004E273C /* PBXContainerItemProxy */;
		};
		31AC7B0524CE7A23004E273C /* PBXTargetDependency */ = {
			isa = PBXTargetDependency;
			target = 31AC7AE124CE79BF004E273C /* LearnSwift */;
			targetProxy = 31AC7B0424CE7A23004E273C /* PBXContainerItemProxy */;
		};
/* End PBXTargetDependency section */

/* Begin PBXVariantGroup section */
		31AC7AEB24CE79C0004E273C /* Main.storyboard */ = {
			isa = PBXVariantGroup;
			children = (
				31AC7AEC24CE79C0004E273C /* Base */,
			);
			name = Main.storyboard;
			sourceTree = "<group>";
		};
		31AC7AF024CE7A19004E273C /* LaunchScreen.storyboard */ = {
			isa = PBXVariantGroup;
			children = (
				31AC7AF124CE7A19004E273C /* Base */,
			);
			name = LaunchScreen.storyboard;
			sourceTree = "<group>";
		};
/* End PBXVariantGroup section */

/* Begin XCBuildConfiguration section */
		31AC7B0A24CE7A23004E273C /* Debug */ = {
			isa = XCBuildConfiguration;
			buildSettings = {
				ALWAYS_SEARCH_USER_PATHS = NO;
				CLANG_ANALYZER_NONNULL = YES;
				CLANG_ANALYZER_NUMBER_OBJECT_CONVERSION = YES_AGGRESSIVE;
				CLANG_CXX_LANGUAGE_STANDARD = "gnu++14";
				CLANG_CXX_LIBRARY = "libc++";
				CLANG_ENABLE_MODULES = YES;
				CLANG_ENABLE_OBJC_ARC = YES;
				CLANG_ENABLE_OBJC_WEAK = YES;
				CLANG_WARN_BLOCK_CAPTURE_AUTORELEASING = YES;
				CLANG_WARN_BOOL_CONVERSION = YES;
				CLANG_WARN_COMMA = YES;
				CLANG_WARN_CONSTANT_CONVERSION = YES;
				CLANG_WARN_DEPRECATED_OBJC_IMPLEMENTATIONS = YES;
				CLANG_WARN_DIRECT_OBJC_ISA_USAGE = YES_ERROR;
				CLANG_WARN_DOCUMENTATION_COMMENTS = YES;
				CLANG_WARN_EMPTY_BODY = YES;
				CLANG_WARN_ENUM_CONVERSION = YES;
				CLANG_WARN_INFINITE_RECURSION = YES;
				CLANG_WARN_INT_CONVERSION = YES;
				CLANG_WARN_NON_LITERAL_NULL_CONVERSION = YES;
				CLANG_WARN_OBJC_IMPLICIT_RETAIN_SELF = YES;
				CLANG_WARN_OBJC_LITERAL_CONVERSION = YES;
				CLANG_WARN_OBJC_ROOT_CLASS = YES_ERROR;
				CLANG_WARN_RANGE_LOOP_ANALYSIS = YES;
				CLANG_WARN_STRICT_PROTOTYPES = YES;
				CLANG_WARN_SUSPICIOUS_MOVE = YES;
				CLANG_WARN_UNGUARDED_AVAILABILITY = YES_AGGRESSIVE;
				CLANG_WARN_UNREACHABLE_CODE = YES;
				CLANG_WARN__DUPLICATE_METHOD_MATCH = YES;
				COPY_PHASE_STRIP = NO;
				DEBUG_INFORMATION_FORMAT = dwarf;
				ENABLE_BITCODE = NO;
				ENABLE_STRICT_OBJC_MSGSEND = YES;
				ENABLE_TESTABILITY = YES;
				GCC_C_LANGUAGE_STANDARD = gnu11;
				GCC_DYNAMIC_NO_PIC = NO;
				GCC_NO_COMMON_BLOCKS = YES;
				GCC_OPTIMIZATION_LEVEL = 0;
				GCC_PREPROCESSOR_DEFINITIONS = (
					"DEBUG=1",
					"$(inherited)",
				);
				GCC_WARN_64_TO_32_BIT_CONVERSION = YES;
				GCC_WARN_ABOUT_RETURN_TYPE = YES_ERROR;
				GCC_WARN_UNDECLARED_SELECTOR = YES;
				GCC_WARN_UNINITIALIZED_AUTOS = YES_AGGRESSIVE;
				GCC_WARN_UNUSED_FUNCTION = YES;
				GCC_WARN_UNUSED_VARIABLE = YES;
				IPHONEOS_DEPLOYMENT_TARGET = 10.0;
				MTL_ENABLE_DEBUG_INFO = INCLUDE_SOURCE;
				MTL_FAST_MATH = YES;
				ONLY_ACTIVE_ARCH = YES;
				SDKROOT = iphoneos;
				SWIFT_ACTIVE_COMPILATION_CONDITIONS = DEBUG;
				SWIFT_OPTIMIZATION_LEVEL = "-Onone";
			};
			name = Debug;
		};
		31AC7B0B24CE7A23004E273C /* Release */ = {
			isa = XCBuildConfiguration;
			buildSettings = {
				ALWAYS_SEARCH_USER_PATHS = NO;
				CLANG_ANALYZER_NONNULL = YES;
				CLANG_ANALYZER_NUMBER_OBJECT_CONVERSION = YES_AGGRESSIVE;
				CLANG_CXX_LANGUAGE_STANDARD = "gnu++14";
				CLANG_CXX_LIBRARY = "libc++";
				CLANG_ENABLE_MODULES = YES;
				CLANG_ENABLE_OBJC_ARC = YES;
				CLANG_ENABLE_OBJC_WEAK = YES;
				CLANG_WARN_BLOCK_CAPTURE_AUTORELEASING = YES;
				CLANG_WARN_BOOL_CONVERSION = YES;
				CLANG_WARN_COMMA = YES;
				CLANG_WARN_CONSTANT_CONVERSION = YES;
				CLANG_WARN_DEPRECATED_OBJC_IMPLEMENTATIONS = YES;
				CLANG_WARN_DIRECT_OBJC_ISA_USAGE = YES_ERROR;
				CLANG_WARN_DOCUMENTATION_COMMENTS = YES;
				CLANG_WARN_EMPTY_BODY = YES;
				CLANG_WARN_ENUM_CONVERSION = YES;
				CLANG_WARN_INFINITE_RECURSION = YES;
				CLANG_WARN_INT_CONVERSION = YES;
				CLANG_WARN_NON_LITERAL_NULL_CONVERSION = YES;
				CLANG_WARN_OBJC_IMPLICIT_RETAIN_SELF = YES;
				CLANG_WARN_OBJC_LITERAL_CONVERSION = YES;
				CLANG_WARN_OBJC_ROOT_CLASS = YES_ERROR;
				CLANG_WARN_RANGE_LOOP_ANALYSIS = YES;
				CLANG_WARN_STRICT_PROTOTYPES = YES;
				CLANG_WARN_SUSPICIOUS_MOVE = YES;
				CLANG_WARN_UNGUARDED_AVAILABILITY = YES_AGGRESSIVE;
				CLANG_WARN_UNREACHABLE_CODE = YES;
				CLANG_WARN__DUPLICATE_METHOD_MATCH = YES;
				COPY_PHASE_STRIP = NO;
				DEBUG_INFORMATION_FORMAT = "dwarf-with-dsym";
				ENABLE_BITCODE = NO;
				ENABLE_NS_ASSERTIONS = NO;
				ENABLE_STRICT_OBJC_MSGSEND = YES;
				GCC_C_LANGUAGE_STANDARD = gnu11;
				GCC_NO_COMMON_BLOCKS = YES;
				GCC_WARN_64_TO_32_BIT_CONVERSION = YES;
				GCC_WARN_ABOUT_RETURN_TYPE = YES_ERROR;
				GCC_WARN_UNDECLARED_SELECTOR = YES;
				GCC_WARN_UNINITIALIZED_AUTOS = YES_AGGRESSIVE;
				GCC_WARN_UNUSED_FUNCTION = YES;
				GCC_WARN_UNUSED_VARIABLE = YES;
				IPHONEOS_DEPLOYMENT_TARGET = 10.0;
				MTL_ENABLE_DEBUG_INFO = NO;
				MTL_FAST_MATH = YES;
				SDKROOT = iphoneos;
				SWIFT_COMPILATION_MODE = wholemodule;
				SWIFT_OPTIMIZATION_LEVEL = "-O";
				VALIDATE_PRODUCT = YES;
			};
			name = Release;
		};
		31AC7B0D24CE7A23004E273C /* Debug */ = {
			isa = XCBuildConfiguration;
			baseConfigurationReference = E5D18E4940A6BB0258F97A3A /* Pods-LearnSwift.debug.xcconfig */;
			buildSettings = {
				ASSETCATALOG_COMPILER_APPICON_NAME = AppIcon;
				CODE_SIGN_STYLE = Automatic;
				DEVELOPMENT_TEAM = KXDU3Q7AYZ;
				ENABLE_BITCODE = NO;
				INFOPLIST_FILE = LearnSwift/Info.plist;
				IPHONEOS_DEPLOYMENT_TARGET = 10.0;
				LD_RUNPATH_SEARCH_PATHS = (
					"$(inherited)",
					"@executable_path/Frameworks",
				);
				PRODUCT_BUNDLE_IDENTIFIER = com.jiuhui.LearnSwift;
				PRODUCT_NAME = "$(TARGET_NAME)";
				SWIFT_OBJC_BRIDGING_HEADER = "$(SRCROOT)/LearnSwift/Home-Bridging-Header.h";
				SWIFT_VERSION = 5.0;
				TARGETED_DEVICE_FAMILY = "1,2";
			};
			name = Debug;
		};
		31AC7B0E24CE7A23004E273C /* Release */ = {
			isa = XCBuildConfiguration;
			baseConfigurationReference = 3DAE8C2D3D90B109FA7A6B9A /* Pods-LearnSwift.release.xcconfig */;
			buildSettings = {
				ASSETCATALOG_COMPILER_APPICON_NAME = AppIcon;
				CODE_SIGN_STYLE = Automatic;
				DEVELOPMENT_TEAM = KXDU3Q7AYZ;
				ENABLE_BITCODE = NO;
				INFOPLIST_FILE = LearnSwift/Info.plist;
				IPHONEOS_DEPLOYMENT_TARGET = 10.0;
				LD_RUNPATH_SEARCH_PATHS = (
					"$(inherited)",
					"@executable_path/Frameworks",
				);
				PRODUCT_BUNDLE_IDENTIFIER = com.jiuhui.LearnSwift;
				PRODUCT_NAME = "$(TARGET_NAME)";
				SWIFT_OBJC_BRIDGING_HEADER = "$(SRCROOT)/LearnSwift/Home-Bridging-Header.h";
				SWIFT_VERSION = 5.0;
				TARGETED_DEVICE_FAMILY = "1,2";
			};
			name = Release;
		};
		31AC7B1024CE7A23004E273C /* Debug */ = {
			isa = XCBuildConfiguration;
			baseConfigurationReference = 7476881C793BAC20C7B292EA /* Pods-LearnSwiftTests.debug.xcconfig */;
			buildSettings = {
				ALWAYS_EMBED_SWIFT_STANDARD_LIBRARIES = YES;
				BUNDLE_LOADER = "$(TEST_HOST)";
				CODE_SIGN_STYLE = Automatic;
				DEVELOPMENT_TEAM = KXDU3Q7AYZ;
				INFOPLIST_FILE = LearnSwiftTests/Info.plist;
				IPHONEOS_DEPLOYMENT_TARGET = 13.6;
				LD_RUNPATH_SEARCH_PATHS = (
					"$(inherited)",
					"@executable_path/Frameworks",
					"@loader_path/Frameworks",
				);
				PRODUCT_BUNDLE_IDENTIFIER = com.jiuhui.LearnSwiftTests;
				PRODUCT_NAME = "$(TARGET_NAME)";
				SWIFT_VERSION = 5.0;
				TARGETED_DEVICE_FAMILY = "1,2";
				TEST_HOST = "$(BUILT_PRODUCTS_DIR)/LearnSwift.app/LearnSwift";
			};
			name = Debug;
		};
		31AC7B1124CE7A23004E273C /* Release */ = {
			isa = XCBuildConfiguration;
			baseConfigurationReference = E7C1BA76E365CB7BE650F09D /* Pods-LearnSwiftTests.release.xcconfig */;
			buildSettings = {
				ALWAYS_EMBED_SWIFT_STANDARD_LIBRARIES = YES;
				BUNDLE_LOADER = "$(TEST_HOST)";
				CODE_SIGN_STYLE = Automatic;
				DEVELOPMENT_TEAM = KXDU3Q7AYZ;
				INFOPLIST_FILE = LearnSwiftTests/Info.plist;
				IPHONEOS_DEPLOYMENT_TARGET = 13.6;
				LD_RUNPATH_SEARCH_PATHS = (
					"$(inherited)",
					"@executable_path/Frameworks",
					"@loader_path/Frameworks",
				);
				PRODUCT_BUNDLE_IDENTIFIER = com.jiuhui.LearnSwiftTests;
				PRODUCT_NAME = "$(TARGET_NAME)";
				SWIFT_VERSION = 5.0;
				TARGETED_DEVICE_FAMILY = "1,2";
				TEST_HOST = "$(BUILT_PRODUCTS_DIR)/LearnSwift.app/LearnSwift";
			};
			name = Release;
		};
		31AC7B1324CE7A23004E273C /* Debug */ = {
			isa = XCBuildConfiguration;
			baseConfigurationReference = 695FACFC912AEE732E213F1B /* Pods-LearnSwiftUITests.debug.xcconfig */;
			buildSettings = {
				ALWAYS_EMBED_SWIFT_STANDARD_LIBRARIES = YES;
				CODE_SIGN_STYLE = Automatic;
				DEVELOPMENT_TEAM = KXDU3Q7AYZ;
				INFOPLIST_FILE = LearnSwiftUITests/Info.plist;
				LD_RUNPATH_SEARCH_PATHS = (
					"$(inherited)",
					"@executable_path/Frameworks",
					"@loader_path/Frameworks",
				);
				PRODUCT_BUNDLE_IDENTIFIER = com.jiuhui.LearnSwiftUITests;
				PRODUCT_NAME = "$(TARGET_NAME)";
				SWIFT_VERSION = 5.0;
				TARGETED_DEVICE_FAMILY = "1,2";
				TEST_TARGET_NAME = LearnSwift;
			};
			name = Debug;
		};
		31AC7B1424CE7A23004E273C /* Release */ = {
			isa = XCBuildConfiguration;
			baseConfigurationReference = 8175D0D5CF462EA1149259D3 /* Pods-LearnSwiftUITests.release.xcconfig */;
			buildSettings = {
				ALWAYS_EMBED_SWIFT_STANDARD_LIBRARIES = YES;
				CODE_SIGN_STYLE = Automatic;
				DEVELOPMENT_TEAM = KXDU3Q7AYZ;
				INFOPLIST_FILE = LearnSwiftUITests/Info.plist;
				LD_RUNPATH_SEARCH_PATHS = (
					"$(inherited)",
					"@executable_path/Frameworks",
					"@loader_path/Frameworks",
				);
				PRODUCT_BUNDLE_IDENTIFIER = com.jiuhui.LearnSwiftUITests;
				PRODUCT_NAME = "$(TARGET_NAME)";
				SWIFT_VERSION = 5.0;
				TARGETED_DEVICE_FAMILY = "1,2";
				TEST_TARGET_NAME = LearnSwift;
			};
			name = Release;
		};
/* End XCBuildConfiguration section */

/* Begin XCConfigurationList section */
		31AC7ADD24CE79BE004E273C /* Build configuration list for PBXProject "LearnSwift" */ = {
			isa = XCConfigurationList;
			buildConfigurations = (
				31AC7B0A24CE7A23004E273C /* Debug */,
				31AC7B0B24CE7A23004E273C /* Release */,
			);
			defaultConfigurationIsVisible = 0;
			defaultConfigurationName = Release;
		};
		31AC7B0C24CE7A23004E273C /* Build configuration list for PBXNativeTarget "LearnSwift" */ = {
			isa = XCConfigurationList;
			buildConfigurations = (
				31AC7B0D24CE7A23004E273C /* Debug */,
				31AC7B0E24CE7A23004E273C /* Release */,
			);
			defaultConfigurationIsVisible = 0;
			defaultConfigurationName = Release;
		};
		31AC7B0F24CE7A23004E273C /* Build configuration list for PBXNativeTarget "LearnSwiftTests" */ = {
			isa = XCConfigurationList;
			buildConfigurations = (
				31AC7B1024CE7A23004E273C /* Debug */,
				31AC7B1124CE7A23004E273C /* Release */,
			);
			defaultConfigurationIsVisible = 0;
			defaultConfigurationName = Release;
		};
		31AC7B1224CE7A23004E273C /* Build configuration list for PBXNativeTarget "LearnSwiftUITests" */ = {
			isa = XCConfigurationList;
			buildConfigurations = (
				31AC7B1324CE7A23004E273C /* Debug */,
				31AC7B1424CE7A23004E273C /* Release */,
			);
			defaultConfigurationIsVisible = 0;
			defaultConfigurationName = Release;
		};
/* End XCConfigurationList section */
	};
	rootObject = 31AC7ADA24CE79BE004E273C /* Project object */;
}
