// !$*UTF8*$!
{
	archiveVersion = 1;
	classes = {
	};
	objectVersion = 50;
	objects = {

/* Begin PBXBuildFile section */
		31AC7AE624CE79BF004E273C /* AppDelegate.swift in Sources */ = {isa = PBXBuildFile; fileRef = 31AC7AE524CE79BF004E273C /* AppDelegate.swift */; };
		31AC7AE824CE79BF004E273C /* SceneDelegate.swift in Sources */ = {isa = PBXBuildFile; fileRef = 31AC7AE724CE79BF004E273C /* SceneDelegate.swift */; };
		31AC7AEA24CE79BF004E273C /* ViewController.swift in Sources */ = {isa = PBXBuildFile; fileRef = 31AC7AE924CE79BF004E273C /* ViewController.swift */; };
		31AC7AED24CE79C0004E273C /* Main.storyboard in Resources */ = {isa = PBXBuildFile; fileRef = 31AC7AEB24CE79C0004E273C /* Main.storyboard */; };
		31AC7AEF24CE7A19004E273C /* Assets.xcassets in Resources */ = {isa = PBXBuildFile; fileRef = 31AC7AEE24CE7A19004E273C /* Assets.xcassets */; };
		31AC7AF224CE7A19004E273C /* LaunchScreen.storyboard in Resources */ = {isa = PBXBuildFile; fileRef = 31AC7AF024CE7A19004E273C /* LaunchScreen.storyboard */; };
		31AC7AFD24CE7A23004E273C /* LearnSwiftTests.swift in Sources */ = {isa = PBXBuildFile; fileRef = 31AC7AFC24CE7A23004E273C /* LearnSwiftTests.swift */; };
		31AC7B0824CE7A23004E273C /* LearnSwiftUITests.swift in Sources */ = {isa = PBXBuildFile; fileRef = 31AC7B0724CE7A23004E273C /* LearnSwiftUITests.swift */; };
/* End PBXBuildFile section */

/* Begin PBXContainerItemProxy section */
		31AC7AF924CE7A23004E273C /* PBXContainerItemProxy */ = {
			isa = PBXContainerItemProxy;
			containerPortal = 31AC7ADA24CE79BE004E273C /* Project object */;
			proxyType = 1;
			remoteGlobalIDString = 31AC7AE124CE79BF004E273C;
			remoteInfo = LearnSwift;
		};
		31AC7B0424CE7A23004E273C /* PBXContainerItemProxy */ = {
			isa = PBXContainerItemProxy;
			containerPortal = 31AC7ADA24CE79BE004E273C /* Project object */;
			proxyType = 1;
			remoteGlobalIDString = 31AC7AE124CE79BF004E273C;
			remoteInfo = LearnSwift;
		};
/* End PBXContainerItemProxy section */

/* Begin PBXFileReference section */
		31AC7AE224CE79BF004E273C /* LearnSwift.app */ = {isa = PBXFileReference; explicitFileType = wrapper.application; includeInIndex = 0; path = LearnSwift.app; sourceTree = BUILT_PRODUCTS_DIR; };
		31AC7AE524CE79BF004E273C /* AppDelegate.swift */ = {isa = PBXFileReference; lastKnownFileType = sourcecode.swift; path = AppDelegate.swift; sourceTree = "<group>"; };
		31AC7AE724CE79BF004E273C /* SceneDelegate.swift */ = {isa = PBXFileReference; lastKnownFileType = sourcecode.swift; path = SceneDelegate.swift; sourceTree = "<group>"; };
		31AC7AE924CE79BF004E273C /* ViewController.swift */ = {isa = PBXFileReference; lastKnownFileType = sourcecode.swift; path = ViewController.swift; sourceTree = "<group>"; };
		31AC7AEC24CE79C0004E273C /* Base */ = {isa = PBXFileReference; lastKnownFileType = file.storyboard; name = Base; path = Base.lproj/Main.storyboard; sourceTree = "<group>"; };
		31AC7AEE24CE7A19004E273C /* Assets.xcassets */ = {isa = PBXFileReference; lastKnownFileType = folder.assetcatalog; path = Assets.xcassets; sourceTree = "<group>"; };
		31AC7AF124CE7A19004E273C /* Base */ = {isa = PBXFileReference; lastKnownFileType = file.storyboard; name = Base; path = Base.lproj/LaunchScreen.storyboard; sourceTree = "<group>"; };
		31AC7AF324CE7A19004E273C /* Info.plist */ = {isa = PBXFileReference; lastKnownFileType = text.plist.xml; path = Info.plist; sourceTree = "<group>"; };
		31AC7AF824CE7A23004E273C /* LearnSwiftTests.xctest */ = {isa = PBXFileReference; explicitFileType = wrapper.cfbundle; includeInIndex = 0; path = LearnSwiftTests.xctest; sourceTree = BUILT_PRODUCTS_DIR; };
		31AC7AFC24CE7A23004E273C /* LearnSwiftTests.swift */ = {isa = PBXFileReference; lastKnownFileType = sourcecode.swift; path = LearnSwiftTests.swift; sourceTree = "<group>"; };
		31AC7AFE24CE7A23004E273C /* Info.plist */ = {isa = PBXFileReference; lastKnownFileType = text.plist.xml; path = Info.plist; sourceTree = "<group>"; };
		31AC7B0324CE7A23004E273C /* LearnSwiftUITests.xctest */ = {isa = PBXFileReference; explicitFileType = wrapper.cfbundle; includeInIndex = 0; path = LearnSwiftUITests.xctest; sourceTree = BUILT_PRODUCTS_DIR; };
		31AC7B0724CE7A23004E273C /* LearnSwiftUITests.swift */ = {isa = PBXFileReference; lastKnownFileType = sourcecode.swift; path = LearnSwiftUITests.swift; sourceTree = "<group>"; };
		31AC7B0924CE7A23004E273C /* Info.plist */ = {isa = PBXFileReference; lastKnownFileType = text.plist.xml; path = Info.plist; sourceTree = "<group>"; };
/* End PBXFileReference section */

/* Begin PBXFrameworksBuildPhase section */
		31AC7ADF24CE79BF004E273C /* Frameworks */ = {
			isa = PBXFrameworksBuildPhase;
			buildActionMask = 2147483647;
			files = (
			);
			runOnlyForDeploymentPostprocessing = 0;
		};
		31AC7AF524CE7A23004E273C /* Frameworks */ = {
			isa = PBXFrameworksBuildPhase;
			buildActionMask = 2147483647;
			files = (
			);
			runOnlyForDeploymentPostprocessing = 0;
		};
		31AC7B0024CE7A23004E273C /* Frameworks */ = {
			isa = PBXFrameworksBuildPhase;
			buildActionMask = 2147483647;
			files = (
			);
			runOnlyForDeploymentPostprocessing = 0;
		};
/* End PBXFrameworksBuildPhase section */

/* Begin PBXGroup section */
		31AC7AD924CE79BE004E273C = {
			isa = PBXGroup;
			children = (
				31AC7AE424CE79BF004E273C /* LearnSwift */,
				31AC7AFB24CE7A23004E273C /* LearnSwiftTests */,
				31AC7B0624CE7A23004E273C /* LearnSwiftUITests */,
				31AC7AE324CE79BF004E273C /* Products */,
			);
			sourceTree = "<group>";
		};
		31AC7AE324CE79BF004E273C /* Products */ = {
			isa = PBXGroup;
			children = (
				31AC7AE224CE79BF004E273C /* LearnSwift.app */,
				31AC7AF824CE7A23004E273C /* LearnSwiftTests.xctest */,
				31AC7B0324CE7A23004E273C /* LearnSwiftUITests.xctest */,
			);
			name = Products;
			sourceTree = "<group>";
		};
		31AC7AE424CE79BF004E273C /* LearnSwift */ = {
			isa = PBXGroup;
			children = (
				31AC7AE524CE79BF004E273C /* AppDelegate.swift */,
				31AC7AE724CE79BF004E273C /* SceneDelegate.swift */,
				31AC7AE924CE79BF004E273C /* ViewController.swift */,
				31AC7AEB24CE79C0004E273C /* Main.storyboard */,
				31AC7AEE24CE7A19004E273C /* Assets.xcassets */,
				31AC7AF024CE7A19004E273C /* LaunchScreen.storyboard */,
				31AC7AF324CE7A19004E273C /* Info.plist */,
			);
			path = LearnSwift;
			sourceTree = "<group>";
		};
		31AC7AFB24CE7A23004E273C /* LearnSwiftTests */ = {
			isa = PBXGroup;
			children = (
				31AC7AFC24CE7A23004E273C /* LearnSwiftTests.swift */,
				31AC7AFE24CE7A23004E273C /* Info.plist */,
			);
			path = LearnSwiftTests;
			sourceTree = "<group>";
		};
		31AC7B0624CE7A23004E273C /* LearnSwiftUITests */ = {
			isa = PBXGroup;
			children = (
				31AC7B0724CE7A23004E273C /* LearnSwiftUITests.swift */,
				31AC7B0924CE7A23004E273C /* Info.plist */,
			);
			path = LearnSwiftUITests;
			sourceTree = "<group>";
		};
/* End PBXGroup section */

/* Begin PBXNativeTarget section */
		31AC7AE124CE79BF004E273C /* LearnSwift */ = {
			isa = PBXNativeTarget;
			buildConfigurationList = 31AC7B0C24CE7A23004E273C /* Build configuration list for PBXNativeTarget "LearnSwift" */;
			buildPhases = (
				31AC7ADE24CE79BF004E273C /* Sources */,
				31AC7ADF24CE79BF004E273C /* Frameworks */,
				31AC7AE024CE79BF004E273C /* Resources */,
			);
			buildRules = (
			);
			dependencies = (
			);
			name = LearnSwift;
			productName = LearnSwift;
			productReference = 31AC7AE224CE79BF004E273C /* LearnSwift.app */;
			productType = "com.apple.product-type.application";
		};
		31AC7AF724CE7A23004E273C /* LearnSwiftTests */ = {
			isa = PBXNativeTarget;
			buildConfigurationList = 31AC7B0F24CE7A23004E273C /* Build configuration list for PBXNativeTarget "LearnSwiftTests" */;
			buildPhases = (
				31AC7AF424CE7A23004E273C /* Sources */,
				31AC7AF524CE7A23004E273C /* Frameworks */,
				31AC7AF624CE7A23004E273C /* Resources */,
			);
			buildRules = (
			);
			dependencies = (
				31AC7AFA24CE7A23004E273C /* PBXTargetDependency */,
			);
			name = LearnSwiftTests;
			productName = LearnSwiftTests;
			productReference = 31AC7AF824CE7A23004E273C /* LearnSwiftTests.xctest */;
			productType = "com.apple.product-type.bundle.unit-test";
		};
		31AC7B0224CE7A23004E273C /* LearnSwiftUITests */ = {
			isa = PBXNativeTarget;
			buildConfigurationList = 31AC7B1224CE7A23004E273C /* Build configuration list for PBXNativeTarget "LearnSwiftUITests" */;
			buildPhases = (
				31AC7AFF24CE7A23004E273C /* Sources */,
				31AC7B0024CE7A23004E273C /* Frameworks */,
				31AC7B0124CE7A23004E273C /* Resources */,
			);
			buildRules = (
			);
			dependencies = (
				31AC7B0524CE7A23004E273C /* PBXTargetDependency */,
			);
			name = LearnSwiftUITests;
			productName = LearnSwiftUITests;
			productReference = 31AC7B0324CE7A23004E273C /* LearnSwiftUITests.xctest */;
			productType = "com.apple.product-type.bundle.ui-testing";
		};
/* End PBXNativeTarget section */

/* Begin PBXProject section */
		31AC7ADA24CE79BE004E273C /* Project object */ = {
			isa = PBXProject;
			attributes = {
				LastSwiftUpdateCheck = 1160;
				LastUpgradeCheck = 1160;
				ORGANIZATIONNAME = jiuhuikeji;
				TargetAttributes = {
					31AC7AE124CE79BF004E273C = {
						CreatedOnToolsVersion = 11.6;
					};
					31AC7AF724CE7A23004E273C = {
						CreatedOnToolsVersion = 11.6;
						TestTargetID = 31AC7AE124CE79BF004E273C;
					};
					31AC7B0224CE7A23004E273C = {
						CreatedOnToolsVersion = 11.6;
						TestTargetID = 31AC7AE124CE79BF004E273C;
					};
				};
			};
			buildConfigurationList = 31AC7ADD24CE79BE004E273C /* Build configuration list for PBXProject "LearnSwift" */;
			compatibilityVersion = "Xcode 9.3";
			developmentRegion = en;
			hasScannedForEncodings = 0;
			knownRegions = (
				en,
				Base,
			);
			mainGroup = 31AC7AD924CE79BE004E273C;
			productRefGroup = 31AC7AE324CE79BF004E273C /* Products */;
			projectDirPath = "";
			projectRoot = "";
			targets = (
				31AC7AE124CE79BF004E273C /* LearnSwift */,
				31AC7AF724CE7A23004E273C /* LearnSwiftTests */,
				31AC7B0224CE7A23004E273C /* LearnSwiftUITests */,
			);
		};
/* End PBXProject section */

/* Begin PBXResourcesBuildPhase section */
		31AC7AE024CE79BF004E273C /* Resources */ = {
			isa = PBXResourcesBuildPhase;
			buildActionMask = 2147483647;
			files = (
				31AC7AF224CE7A19004E273C /* LaunchScreen.storyboard in Resources */,
				31AC7AEF24CE7A19004E273C /* Assets.xcassets in Resources */,
				31AC7AED24CE79C0004E273C /* Main.storyboard in Resources */,
			);
			runOnlyForDeploymentPostprocessing = 0;
		};
		31AC7AF624CE7A23004E273C /* Resources */ = {
			isa = PBXResourcesBuildPhase;
			buildActionMask = 2147483647;
			files = (
			);
			runOnlyForDeploymentPostprocessing = 0;
		};
		31AC7B0124CE7A23004E273C /* Resources */ = {
			isa = PBXResourcesBuildPhase;
			buildActionMask = 2147483647;
			files = (
			);
			runOnlyForDeploymentPostprocessing = 0;
		};
/* End PBXResourcesBuildPhase section */

/* Begin PBXSourcesBuildPhase section */
		31AC7ADE24CE79BF004E273C /* Sources */ = {
			isa = PBXSourcesBuildPhase;
			buildActionMask = 2147483647;
			files = (
				31AC7AEA24CE79BF004E273C /* ViewController.swift in Sources */,
				31AC7AE624CE79BF004E273C /* AppDelegate.swift in Sources */,
				31AC7AE824CE79BF004E273C /* SceneDelegate.swift in Sources */,
			);
			runOnlyForDeploymentPostprocessing = 0;
		};
		31AC7AF424CE7A23004E273C /* Sources */ = {
			isa = PBXSourcesBuildPhase;
			buildActionMask = 2147483647;
			files = (
				31AC7AFD24CE7A23004E273C /* LearnSwiftTests.swift in Sources */,
			);
			runOnlyForDeploymentPostprocessing = 0;
		};
		31AC7AFF24CE7A23004E273C /* Sources */ = {
			isa = PBXSourcesBuildPhase;
			buildActionMask = 2147483647;
			files = (
				31AC7B0824CE7A23004E273C /* LearnSwiftUITests.swift in Sources */,
			);
			runOnlyForDeploymentPostprocessing = 0;
		};
/* End PBXSourcesBuildPhase section */

/* Begin PBXTargetDependency section */
		31AC7AFA24CE7A23004E273C /* PBXTargetDependency */ = {
			isa = PBXTargetDependency;
			target = 31AC7AE124CE79BF004E273C /* LearnSwift */;
			targetProxy = 31AC7AF924CE7A23004E273C /* PBXContainerItemProxy */;
		};
		31AC7B0524CE7A23004E273C /* PBXTargetDependency */ = {
			isa = PBXTargetDependency;
			target = 31AC7AE124CE79BF004E273C /* LearnSwift */;
			targetProxy = 31AC7B0424CE7A23004E273C /* PBXContainerItemProxy */;
		};
/* End PBXTargetDependency section */

/* Begin PBXVariantGroup section */
		31AC7AEB24CE79C0004E273C /* Main.storyboard */ = {
			isa = PBXVariantGroup;
			children = (
				31AC7AEC24CE79C0004E273C /* Base */,
			);
			name = Main.storyboard;
			sourceTree = "<group>";
		};
		31AC7AF024CE7A19004E273C /* LaunchScreen.storyboard */ = {
			isa = PBXVariantGroup;
			children = (
				31AC7AF124CE7A19004E273C /* Base */,
			);
			name = LaunchScreen.storyboard;
			sourceTree = "<group>";
		};
/* End PBXVariantGroup section */

/* Begin XCBuildConfiguration section */
		31AC7B0A24CE7A23004E273C /* Debug */ = {
			isa = XCBuildConfiguration;
			buildSettings = {
				ALWAYS_SEARCH_USER_PATHS = NO;
				CLANG_ANALYZER_NONNULL = YES;
				CLANG_ANALYZER_NUMBER_OBJECT_CONVERSION = YES_AGGRESSIVE;
				CLANG_CXX_LANGUAGE_STANDARD = "gnu++14";
				CLANG_CXX_LIBRARY = "libc++";
				CLANG_ENABLE_MODULES = YES;
				CLANG_ENABLE_OBJC_ARC = YES;
				CLANG_ENABLE_OBJC_WEAK = YES;
				CLANG_WARN_BLOCK_CAPTURE_AUTORELEASING = YES;
				CLANG_WARN_BOOL_CONVERSION = YES;
				CLANG_WARN_COMMA = YES;
				CLANG_WARN_CONSTANT_CONVERSION = YES;
				CLANG_WARN_DEPRECATED_OBJC_IMPLEMENTATIONS = YES;
				CLANG_WARN_DIRECT_OBJC_ISA_USAGE = YES_ERROR;
				CLANG_WARN_DOCUMENTATION_COMMENTS = YES;
				CLANG_WARN_EMPTY_BODY = YES;
				CLANG_WARN_ENUM_CONVERSION = YES;
				CLANG_WARN_INFINITE_RECURSION = YES;
				CLANG_WARN_INT_CONVERSION = YES;
				CLANG_WARN_NON_LITERAL_NULL_CONVERSION = YES;
				CLANG_WARN_OBJC_IMPLICIT_RETAIN_SELF = YES;
				CLANG_WARN_OBJC_LITERAL_CONVERSION = YES;
				CLANG_WARN_OBJC_ROOT_CLASS = YES_ERROR;
				CLANG_WARN_RANGE_LOOP_ANALYSIS = YES;
				CLANG_WARN_STRICT_PROTOTYPES = YES;
				CLANG_WARN_SUSPICIOUS_MOVE = YES;
				CLANG_WARN_UNGUARDED_AVAILABILITY = YES_AGGRESSIVE;
				CLANG_WARN_UNREACHABLE_CODE = YES;
				CLANG_WARN__DUPLICATE_METHOD_MATCH = YES;
				COPY_PHASE_STRIP = NO;
				DEBUG_INFORMATION_FORMAT = dwarf;
				ENABLE_STRICT_OBJC_MSGSEND = YES;
				ENABLE_TESTABILITY = YES;
				GCC_C_LANGUAGE_STANDARD = gnu11;
				GCC_DYNAMIC_NO_PIC = NO;
				GCC_NO_COMMON_BLOCKS = YES;
				GCC_OPTIMIZATION_LEVEL = 0;
				GCC_PREPROCESSOR_DEFINITIONS = (
					"DEBUG=1",
					"$(inherited)",
				);
				GCC_WARN_64_TO_32_BIT_CONVERSION = YES;
				GCC_WARN_ABOUT_RETURN_TYPE = YES_ERROR;
				GCC_WARN_UNDECLARED_SELECTOR = YES;
				GCC_WARN_UNINITIALIZED_AUTOS = YES_AGGRESSIVE;
				GCC_WARN_UNUSED_FUNCTION = YES;
				GCC_WARN_UNUSED_VARIABLE = YES;
				IPHONEOS_DEPLOYMENT_TARGET = 13.6;
				MTL_ENABLE_DEBUG_INFO = INCLUDE_SOURCE;
				MTL_FAST_MATH = YES;
				ONLY_ACTIVE_ARCH = YES;
				SDKROOT = iphoneos;
				SWIFT_ACTIVE_COMPILATION_CONDITIONS = DEBUG;
				SWIFT_OPTIMIZATION_LEVEL = "-Onone";
			};
			name = Debug;
		};
		31AC7B0B24CE7A23004E273C /* Release */ = {
			isa = XCBuildConfiguration;
			buildSettings = {
				ALWAYS_SEARCH_USER_PATHS = NO;
				CLANG_ANALYZER_NONNULL = YES;
				CLANG_ANALYZER_NUMBER_OBJECT_CONVERSION = YES_AGGRESSIVE;
				CLANG_CXX_LANGUAGE_STANDARD = "gnu++14";
				CLANG_CXX_LIBRARY = "libc++";
				CLANG_ENABLE_MODULES = YES;
				CLANG_ENABLE_OBJC_ARC = YES;
				CLANG_ENABLE_OBJC_WEAK = YES;
				CLANG_WARN_BLOCK_CAPTURE_AUTORELEASING = YES;
				CLANG_WARN_BOOL_CONVERSION = YES;
				CLANG_WARN_COMMA = YES;
				CLANG_WARN_CONSTANT_CONVERSION = YES;
				CLANG_WARN_DEPRECATED_OBJC_IMPLEMENTATIONS = YES;
				CLANG_WARN_DIRECT_OBJC_ISA_USAGE = YES_ERROR;
				CLANG_WARN_DOCUMENTATION_COMMENTS = YES;
				CLANG_WARN_EMPTY_BODY = YES;
				CLANG_WARN_ENUM_CONVERSION = YES;
				CLANG_WARN_INFINITE_RECURSION = YES;
				CLANG_WARN_INT_CONVERSION = YES;
				CLANG_WARN_NON_LITERAL_NULL_CONVERSION = YES;
				CLANG_WARN_OBJC_IMPLICIT_RETAIN_SELF = YES;
				CLANG_WARN_OBJC_LITERAL_CONVERSION = YES;
				CLANG_WARN_OBJC_ROOT_CLASS = YES_ERROR;
				CLANG_WARN_RANGE_LOOP_ANALYSIS = YES;
				CLANG_WARN_STRICT_PROTOTYPES = YES;
				CLANG_WARN_SUSPICIOUS_MOVE = YES;
				CLANG_WARN_UNGUARDED_AVAILABILITY = YES_AGGRESSIVE;
				CLANG_WARN_UNREACHABLE_CODE = YES;
				CLANG_WARN__DUPLICATE_METHOD_MATCH = YES;
				COPY_PHASE_STRIP = NO;
				DEBUG_INFORMATION_FORMAT = "dwarf-with-dsym";
				ENABLE_NS_ASSERTIONS = NO;
				ENABLE_STRICT_OBJC_MSGSEND = YES;
				GCC_C_LANGUAGE_STANDARD = gnu11;
				GCC_NO_COMMON_BLOCKS = YES;
				GCC_WARN_64_TO_32_BIT_CONVERSION = YES;
				GCC_WARN_ABOUT_RETURN_TYPE = YES_ERROR;
				GCC_WARN_UNDECLARED_SELECTOR = YES;
				GCC_WARN_UNINITIALIZED_AUTOS = YES_AGGRESSIVE;
				GCC_WARN_UNUSED_FUNCTION = YES;
				GCC_WARN_UNUSED_VARIABLE = YES;
				IPHONEOS_DEPLOYMENT_TARGET = 13.6;
				MTL_ENABLE_DEBUG_INFO = NO;
				MTL_FAST_MATH = YES;
				SDKROOT = iphoneos;
				SWIFT_COMPILATION_MODE = wholemodule;
				SWIFT_OPTIMIZATION_LEVEL = "-O";
				VALIDATE_PRODUCT = YES;
			};
			name = Release;
		};
		31AC7B0D24CE7A23004E273C /* Debug */ = {
			isa = XCBuildConfiguration;
			buildSettings = {
				ASSETCATALOG_COMPILER_APPICON_NAME = AppIcon;
				CODE_SIGN_STYLE = Automatic;
				DEVELOPMENT_TEAM = KXDU3Q7AYZ;
				INFOPLIST_FILE = LearnSwift/Info.plist;
				LD_RUNPATH_SEARCH_PATHS = (
					"$(inherited)",
					"@executable_path/Frameworks",
				);
				PRODUCT_BUNDLE_IDENTIFIER = com.jiuhui.LearnSwift;
				PRODUCT_NAME = "$(TARGET_NAME)";
				SWIFT_VERSION = 5.0;
				TARGETED_DEVICE_FAMILY = "1,2";
			};
			name = Debug;
		};
		31AC7B0E24CE7A23004E273C /* Release */ = {
			isa = XCBuildConfiguration;
			buildSettings = {
				ASSETCATALOG_COMPILER_APPICON_NAME = AppIcon;
				CODE_SIGN_STYLE = Automatic;
				DEVELOPMENT_TEAM = KXDU3Q7AYZ;
				INFOPLIST_FILE = LearnSwift/Info.plist;
				LD_RUNPATH_SEARCH_PATHS = (
					"$(inherited)",
					"@executable_path/Frameworks",
				);
				PRODUCT_BUNDLE_IDENTIFIER = com.jiuhui.LearnSwift;
				PRODUCT_NAME = "$(TARGET_NAME)";
				SWIFT_VERSION = 5.0;
				TARGETED_DEVICE_FAMILY = "1,2";
			};
			name = Release;
		};
		31AC7B1024CE7A23004E273C /* Debug */ = {
			isa = XCBuildConfiguration;
			buildSettings = {
				ALWAYS_EMBED_SWIFT_STANDARD_LIBRARIES = YES;
				BUNDLE_LOADER = "$(TEST_HOST)";
				CODE_SIGN_STYLE = Automatic;
				DEVELOPMENT_TEAM = KXDU3Q7AYZ;
				INFOPLIST_FILE = LearnSwiftTests/Info.plist;
				IPHONEOS_DEPLOYMENT_TARGET = 13.6;
				LD_RUNPATH_SEARCH_PATHS = (
					"$(inherited)",
					"@executable_path/Frameworks",
					"@loader_path/Frameworks",
				);
				PRODUCT_BUNDLE_IDENTIFIER = com.jiuhui.LearnSwiftTests;
				PRODUCT_NAME = "$(TARGET_NAME)";
				SWIFT_VERSION = 5.0;
				TARGETED_DEVICE_FAMILY = "1,2";
				TEST_HOST = "$(BUILT_PRODUCTS_DIR)/LearnSwift.app/LearnSwift";
			};
			name = Debug;
		};
		31AC7B1124CE7A23004E273C /* Release */ = {
			isa = XCBuildConfiguration;
			buildSettings = {
				ALWAYS_EMBED_SWIFT_STANDARD_LIBRARIES = YES;
				BUNDLE_LOADER = "$(TEST_HOST)";
				CODE_SIGN_STYLE = Automatic;
				DEVELOPMENT_TEAM = KXDU3Q7AYZ;
				INFOPLIST_FILE = LearnSwiftTests/Info.plist;
				IPHONEOS_DEPLOYMENT_TARGET = 13.6;
				LD_RUNPATH_SEARCH_PATHS = (
					"$(inherited)",
					"@executable_path/Frameworks",
					"@loader_path/Frameworks",
				);
				PRODUCT_BUNDLE_IDENTIFIER = com.jiuhui.LearnSwiftTests;
				PRODUCT_NAME = "$(TARGET_NAME)";
				SWIFT_VERSION = 5.0;
				TARGETED_DEVICE_FAMILY = "1,2";
				TEST_HOST = "$(BUILT_PRODUCTS_DIR)/LearnSwift.app/LearnSwift";
			};
			name = Release;
		};
		31AC7B1324CE7A23004E273C /* Debug */ = {
			isa = XCBuildConfiguration;
			buildSettings = {
				ALWAYS_EMBED_SWIFT_STANDARD_LIBRARIES = YES;
				CODE_SIGN_STYLE = Automatic;
				DEVELOPMENT_TEAM = KXDU3Q7AYZ;
				INFOPLIST_FILE = LearnSwiftUITests/Info.plist;
				LD_RUNPATH_SEARCH_PATHS = (
					"$(inherited)",
					"@executable_path/Frameworks",
					"@loader_path/Frameworks",
				);
				PRODUCT_BUNDLE_IDENTIFIER = com.jiuhui.LearnSwiftUITests;
				PRODUCT_NAME = "$(TARGET_NAME)";
				SWIFT_VERSION = 5.0;
				TARGETED_DEVICE_FAMILY = "1,2";
				TEST_TARGET_NAME = LearnSwift;
			};
			name = Debug;
		};
		31AC7B1424CE7A23004E273C /* Release */ = {
			isa = XCBuildConfiguration;
			buildSettings = {
				ALWAYS_EMBED_SWIFT_STANDARD_LIBRARIES = YES;
				CODE_SIGN_STYLE = Automatic;
				DEVELOPMENT_TEAM = KXDU3Q7AYZ;
				INFOPLIST_FILE = LearnSwiftUITests/Info.plist;
				LD_RUNPATH_SEARCH_PATHS = (
					"$(inherited)",
					"@executable_path/Frameworks",
					"@loader_path/Frameworks",
				);
				PRODUCT_BUNDLE_IDENTIFIER = com.jiuhui.LearnSwiftUITests;
				PRODUCT_NAME = "$(TARGET_NAME)";
				SWIFT_VERSION = 5.0;
				TARGETED_DEVICE_FAMILY = "1,2";
				TEST_TARGET_NAME = LearnSwift;
			};
			name = Release;
		};
/* End XCBuildConfiguration section */

/* Begin XCConfigurationList section */
		31AC7ADD24CE79BE004E273C /* Build configuration list for PBXProject "LearnSwift" */ = {
			isa = XCConfigurationList;
			buildConfigurations = (
				31AC7B0A24CE7A23004E273C /* Debug */,
				31AC7B0B24CE7A23004E273C /* Release */,
			);
			defaultConfigurationIsVisible = 0;
			defaultConfigurationName = Release;
		};
		31AC7B0C24CE7A23004E273C /* Build configuration list for PBXNativeTarget "LearnSwift" */ = {
			isa = XCConfigurationList;
			buildConfigurations = (
				31AC7B0D24CE7A23004E273C /* Debug */,
				31AC7B0E24CE7A23004E273C /* Release */,
			);
			defaultConfigurationIsVisible = 0;
			defaultConfigurationName = Release;
		};
		31AC7B0F24CE7A23004E273C /* Build configuration list for PBXNativeTarget "LearnSwiftTests" */ = {
			isa = XCConfigurationList;
			buildConfigurations = (
				31AC7B1024CE7A23004E273C /* Debug */,
				31AC7B1124CE7A23004E273C /* Release */,
			);
			defaultConfigurationIsVisible = 0;
			defaultConfigurationName = Release;
		};
		31AC7B1224CE7A23004E273C /* Build configuration list for PBXNativeTarget "LearnSwiftUITests" */ = {
			isa = XCConfigurationList;
			buildConfigurations = (
				31AC7B1324CE7A23004E273C /* Debug */,
				31AC7B1424CE7A23004E273C /* Release */,
			);
			defaultConfigurationIsVisible = 0;
			defaultConfigurationName = Release;
		};
/* End XCConfigurationList section */
	};
	rootObject = 31AC7ADA24CE79BE004E273C /* Project object */;
}
